
Microsoft Visual Studio Solution File, Format Version 12.00
# Visual Studio Version 17
VisualStudioVersion = 17.1.32421.90
MinimumVisualStudioVersion = 10.0.40219.1
Project("{FAE04EC0-301F-11D3-BF4B-00C04F79EFBC}") = "fp2021", "fp2021\fp2021.csproj", "{F78B1BEB-D3AC-456A-A851-AF831AFB6B36}"
EndProject
Project("{FAE04EC0-301F-11D3-BF4B-00C04F79EFBC}") = "10_06", "10_06\10_06.csproj", "{FA39D5B7-62F8-496A-AD1A-4FC5A378CF11}"
EndProject
Global
	GlobalSection(SolutionConfigurationPlatforms) = preSolution
		Debug|Any CPU = Debug|Any CPU
		Release|Any CPU = Release|Any CPU
	EndGlobalSection
	GlobalSection(ProjectConfigurationPlatforms) = postSolution
		{F78B1BEB-D3AC-456A-A851-AF831AFB6B36}.Debug|Any CPU.ActiveCfg = Debug|Any CPU
		{F78B1BEB-D3AC-456A-A851-AF831AFB6B36}.Debug|Any CPU.Build.0 = Debug|Any CPU
		{F78B1BEB-D3AC-456A-A851-AF831AFB6B36}.Release|Any CPU.ActiveCfg = Release|Any CPU
		{F78B1BEB-D3AC-456A-A851-AF831AFB6B36}.Release|Any CPU.Build.0 = Release|Any CPU
		{FA39D5B7-62F8-496A-AD1A-4FC5A378CF11}.Debug|Any CPU.ActiveCfg = Debug|Any CPU
		{FA39D5B7-62F8-496A-AD1A-4FC5A378CF11}.Debug|Any CPU.Build.0 = Debug|Any CPU
		{FA39D5B7-62F8-496A-AD1A-4FC5A378CF11}.Release|Any CPU.ActiveCfg = Release|Any CPU
		{FA39D5B7-62F8-496A-AD1A-4FC5A378CF11}.Release|Any CPU.Build.0 = Release|Any CPU
	EndGlobalSection
	GlobalSection(SolutionProperties) = preSolution
		HideSolutionNode = FALSE
	EndGlobalSection
	GlobalSection(ExtensibilityGlobals) = postSolution
		SolutionGuid = {5329C93C-05B8-4552-84B4-CD7215BE826A}
	EndGlobalSection
EndGlobal
